
Microsoft Visual Studio Solution File, Format Version 12.00
# Visual Studio Version 17
VisualStudioVersion = 17.4.33213.308
MinimumVisualStudioVersion = 10.0.40219.1
Project("{FAE04EC0-301F-11D3-BF4B-00C04F79EFBC}") = "HW_05_ProgressBar", "HW_05_ProgressBar\HW_05_ProgressBar.csproj", "{834A9652-756F-49D0-943F-110D3CDBDCB6}"
EndProject
Global
	GlobalSection(SolutionConfigurationPlatforms) = preSolution
		Debug|Any CPU = Debug|Any CPU
		Release|Any CPU = Release|Any CPU
	EndGlobalSection
	GlobalSection(ProjectConfigurationPlatforms) = postSolution
		{834A9652-756F-49D0-943F-110D3CDBDCB6}.Debug|Any CPU.ActiveCfg = Debug|Any CPU
		{834A9652-756F-49D0-943F-110D3CDBDCB6}.Debug|Any CPU.Build.0 = Debug|Any CPU
		{834A9652-756F-49D0-943F-110D3CDBDCB6}.Release|Any CPU.ActiveCfg = Release|Any CPU
		{834A9652-756F-49D0-943F-110D3CDBDCB6}.Release|Any CPU.Build.0 = Release|Any CPU
	EndGlobalSection
	GlobalSection(SolutionProperties) = preSolution
		HideSolutionNode = FALSE
	EndGlobalSection
	GlobalSection(ExtensibilityGlobals) = postSolution
		SolutionGuid = {59BF8E99-4F59-40C7-A016-265DCA0FA2B8}
	EndGlobalSection
EndGlobal
